// !$*UTF8*$!
{
	archiveVersion = 1;
	classes = {
	};
	objectVersion = 56;
	objects = {

/* Begin PBXBuildFile section */
		03884D9CA69689B221088602 /* Pods_MVC_Marvel.framework in Frameworks */ = {isa = PBXBuildFile; fileRef = 5B33F47B3394FB94F57BC3A1 /* Pods_MVC_Marvel.framework */; };
		19639E4C296FD031006DFBBF /* MarvelCharacterDetailViewController.swift in Sources */ = {isa = PBXBuildFile; fileRef = 19639E48296FD031006DFBBF /* MarvelCharacterDetailViewController.swift */; };
		19639E4D296FD031006DFBBF /* MarvelCharacterDetailViewController.xib in Resources */ = {isa = PBXBuildFile; fileRef = 19639E49296FD031006DFBBF /* MarvelCharacterDetailViewController.xib */; };
		19639E50296FD066006DFBBF /* MarvelCharactersDetailTask.swift in Sources */ = {isa = PBXBuildFile; fileRef = 19639E4F296FD066006DFBBF /* MarvelCharactersDetailTask.swift */; };
		1966BC02296E4D29004224B3 /* CommonConfig.swift in Sources */ = {isa = PBXBuildFile; fileRef = 1966BC01296E4D29004224B3 /* CommonConfig.swift */; };
		1966BC07296E98A2004224B3 /* MarvelCharactersLoadingTableViewCell.swift in Sources */ = {isa = PBXBuildFile; fileRef = 1966BC05296E98A2004224B3 /* MarvelCharactersLoadingTableViewCell.swift */; };
		1966BC08296E98A2004224B3 /* MarvelCharactersLoadingTableViewCell.xib in Resources */ = {isa = PBXBuildFile; fileRef = 1966BC06296E98A2004224B3 /* MarvelCharactersLoadingTableViewCell.xib */; };
		1966BC0A296E99D4004224B3 /* UITableView+Extension.swift in Sources */ = {isa = PBXBuildFile; fileRef = 1966BC09296E99D4004224B3 /* UITableView+Extension.swift */; };
		1984C93A29714E8300FB28BC /* CALayer+Extension.swift in Sources */ = {isa = PBXBuildFile; fileRef = 1984C93929714E8300FB28BC /* CALayer+Extension.swift */; };
		1984C93C2971516A00FB28BC /* MarvelDetail.swift in Sources */ = {isa = PBXBuildFile; fileRef = 1984C93B2971516A00FB28BC /* MarvelDetail.swift */; };
		19885CCF296D4D0C0010606D /* MarvelCharactersTableViewCell.swift in Sources */ = {isa = PBXBuildFile; fileRef = 19885CCD296D4D0C0010606D /* MarvelCharactersTableViewCell.swift */; };
		19885CD0296D4D0C0010606D /* MarvelCharactersTableViewCell.xib in Resources */ = {isa = PBXBuildFile; fileRef = 19885CCE296D4D0C0010606D /* MarvelCharactersTableViewCell.xib */; };
		19885CD2296D4D1B0010606D /* CommonTableViewCell.swift in Sources */ = {isa = PBXBuildFile; fileRef = 19885CD1296D4D1B0010606D /* CommonTableViewCell.swift */; };
		19885CD6296D4DF20010606D /* MarvelKey.plist in Resources */ = {isa = PBXBuildFile; fileRef = 19885CD5296D4DF20010606D /* MarvelKey.plist */; };
		19885CD8296D4E1D0010606D /* Bundle+Extension.swift in Sources */ = {isa = PBXBuildFile; fileRef = 19885CD7296D4E1D0010606D /* Bundle+Extension.swift */; };
		19885CDA296D52770010606D /* CommonEnum.swift in Sources */ = {isa = PBXBuildFile; fileRef = 19885CD9296D52770010606D /* CommonEnum.swift */; };
		19885CDE296D58E80010606D /* String+Extension.swift in Sources */ = {isa = PBXBuildFile; fileRef = 19885CDD296D58E80010606D /* String+Extension.swift */; };
		19917D9D296C0C3C009B39A0 /* AppDelegate.swift in Sources */ = {isa = PBXBuildFile; fileRef = 19917D9C296C0C3C009B39A0 /* AppDelegate.swift */; };
		19917DA1296C0C3C009B39A0 /* ViewController.swift in Sources */ = {isa = PBXBuildFile; fileRef = 19917DA0296C0C3C009B39A0 /* ViewController.swift */; };
		19917DA4296C0C3C009B39A0 /* Main.storyboard in Resources */ = {isa = PBXBuildFile; fileRef = 19917DA2296C0C3C009B39A0 /* Main.storyboard */; };
		19917DA7296C0C3C009B39A0 /* MVC_Marvel.xcdatamodeld in Sources */ = {isa = PBXBuildFile; fileRef = 19917DA5296C0C3C009B39A0 /* MVC_Marvel.xcdatamodeld */; };
		19917DA9296C0C3C009B39A0 /* Assets.xcassets in Resources */ = {isa = PBXBuildFile; fileRef = 19917DA8296C0C3C009B39A0 /* Assets.xcassets */; };
		19917DAC296C0C3C009B39A0 /* LaunchScreen.storyboard in Resources */ = {isa = PBXBuildFile; fileRef = 19917DAA296C0C3C009B39A0 /* LaunchScreen.storyboard */; };
		199DF7A62974DD6600CE7378 /* CustomNavigationBar.swift in Sources */ = {isa = PBXBuildFile; fileRef = 199DF7A52974DD6600CE7378 /* CustomNavigationBar.swift */; };
		19B2BCC9296D46FA00E9CE03 /* NetworkManager.swift in Sources */ = {isa = PBXBuildFile; fileRef = 19B2BCC8296D46FA00E9CE03 /* NetworkManager.swift */; };
		19B2BCCB296D478600E9CE03 /* NetworkSetting.swift in Sources */ = {isa = PBXBuildFile; fileRef = 19B2BCCA296D478600E9CE03 /* NetworkSetting.swift */; };
		19B2BCD2296D4B9200E9CE03 /* MarvelCharactersTask.swift in Sources */ = {isa = PBXBuildFile; fileRef = 19B2BCD1296D4B9200E9CE03 /* MarvelCharactersTask.swift */; };
		19B2BCD4296D4C4800E9CE03 /* Marvel.swift in Sources */ = {isa = PBXBuildFile; fileRef = 19B2BCD3296D4C4800E9CE03 /* Marvel.swift */; };
		19B2BCD7296D4C6800E9CE03 /* MarvelCharactersListViewController.swift in Sources */ = {isa = PBXBuildFile; fileRef = 19B2BCD5296D4C6800E9CE03 /* MarvelCharactersListViewController.swift */; };
		19B2BCD8296D4C6800E9CE03 /* MarvelCharactersListViewController.xib in Resources */ = {isa = PBXBuildFile; fileRef = 19B2BCD6296D4C6800E9CE03 /* MarvelCharactersListViewController.xib */; };
		19B2BCDB296D4C7900E9CE03 /* CommonViewController.swift in Sources */ = {isa = PBXBuildFile; fileRef = 19B2BCDA296D4C7900E9CE03 /* CommonViewController.swift */; };
/* End PBXBuildFile section */

/* Begin PBXFileReference section */
		19639E48296FD031006DFBBF /* MarvelCharacterDetailViewController.swift */ = {isa = PBXFileReference; fileEncoding = 4; lastKnownFileType = sourcecode.swift; path = MarvelCharacterDetailViewController.swift; sourceTree = "<group>"; };
		19639E49296FD031006DFBBF /* MarvelCharacterDetailViewController.xib */ = {isa = PBXFileReference; fileEncoding = 4; lastKnownFileType = file.xib; path = MarvelCharacterDetailViewController.xib; sourceTree = "<group>"; };
		19639E4F296FD066006DFBBF /* MarvelCharactersDetailTask.swift */ = {isa = PBXFileReference; lastKnownFileType = sourcecode.swift; path = MarvelCharactersDetailTask.swift; sourceTree = "<group>"; };
		1966BC01296E4D29004224B3 /* CommonConfig.swift */ = {isa = PBXFileReference; lastKnownFileType = sourcecode.swift; path = CommonConfig.swift; sourceTree = "<group>"; };
		1966BC05296E98A2004224B3 /* MarvelCharactersLoadingTableViewCell.swift */ = {isa = PBXFileReference; lastKnownFileType = sourcecode.swift; path = MarvelCharactersLoadingTableViewCell.swift; sourceTree = "<group>"; };
		1966BC06296E98A2004224B3 /* MarvelCharactersLoadingTableViewCell.xib */ = {isa = PBXFileReference; lastKnownFileType = file.xib; path = MarvelCharactersLoadingTableViewCell.xib; sourceTree = "<group>"; };
		1966BC09296E99D4004224B3 /* UITableView+Extension.swift */ = {isa = PBXFileReference; lastKnownFileType = sourcecode.swift; path = "UITableView+Extension.swift"; sourceTree = "<group>"; };
		1984C93929714E8300FB28BC /* CALayer+Extension.swift */ = {isa = PBXFileReference; lastKnownFileType = sourcecode.swift; path = "CALayer+Extension.swift"; sourceTree = "<group>"; };
		1984C93B2971516A00FB28BC /* MarvelDetail.swift */ = {isa = PBXFileReference; lastKnownFileType = sourcecode.swift; path = MarvelDetail.swift; sourceTree = "<group>"; };
		19885CCD296D4D0C0010606D /* MarvelCharactersTableViewCell.swift */ = {isa = PBXFileReference; lastKnownFileType = sourcecode.swift; path = MarvelCharactersTableViewCell.swift; sourceTree = "<group>"; };
		19885CCE296D4D0C0010606D /* MarvelCharactersTableViewCell.xib */ = {isa = PBXFileReference; lastKnownFileType = file.xib; path = MarvelCharactersTableViewCell.xib; sourceTree = "<group>"; };
		19885CD1296D4D1B0010606D /* CommonTableViewCell.swift */ = {isa = PBXFileReference; lastKnownFileType = sourcecode.swift; path = CommonTableViewCell.swift; sourceTree = "<group>"; };
		19885CD5296D4DF20010606D /* MarvelKey.plist */ = {isa = PBXFileReference; lastKnownFileType = text.plist.xml; path = MarvelKey.plist; sourceTree = "<group>"; };
		19885CD7296D4E1D0010606D /* Bundle+Extension.swift */ = {isa = PBXFileReference; lastKnownFileType = sourcecode.swift; path = "Bundle+Extension.swift"; sourceTree = "<group>"; };
		19885CD9296D52770010606D /* CommonEnum.swift */ = {isa = PBXFileReference; lastKnownFileType = sourcecode.swift; path = CommonEnum.swift; sourceTree = "<group>"; };
		19885CDD296D58E80010606D /* String+Extension.swift */ = {isa = PBXFileReference; lastKnownFileType = sourcecode.swift; path = "String+Extension.swift"; sourceTree = "<group>"; };
		19917D99296C0C3C009B39A0 /* MVC+Marvel.app */ = {isa = PBXFileReference; explicitFileType = wrapper.application; includeInIndex = 0; path = "MVC+Marvel.app"; sourceTree = BUILT_PRODUCTS_DIR; };
		19917D9C296C0C3C009B39A0 /* AppDelegate.swift */ = {isa = PBXFileReference; lastKnownFileType = sourcecode.swift; path = AppDelegate.swift; sourceTree = "<group>"; };
		19917DA0296C0C3C009B39A0 /* ViewController.swift */ = {isa = PBXFileReference; lastKnownFileType = sourcecode.swift; path = ViewController.swift; sourceTree = "<group>"; };
		19917DA3296C0C3C009B39A0 /* Base */ = {isa = PBXFileReference; lastKnownFileType = file.storyboard; name = Base; path = Base.lproj/Main.storyboard; sourceTree = "<group>"; };
		19917DA6296C0C3C009B39A0 /* MVC_Marvel.xcdatamodel */ = {isa = PBXFileReference; lastKnownFileType = wrapper.xcdatamodel; path = MVC_Marvel.xcdatamodel; sourceTree = "<group>"; };
		19917DA8296C0C3C009B39A0 /* Assets.xcassets */ = {isa = PBXFileReference; lastKnownFileType = folder.assetcatalog; path = Assets.xcassets; sourceTree = "<group>"; };
		19917DAB296C0C3C009B39A0 /* Base */ = {isa = PBXFileReference; lastKnownFileType = file.storyboard; name = Base; path = Base.lproj/LaunchScreen.storyboard; sourceTree = "<group>"; };
		19917DAD296C0C3C009B39A0 /* Info.plist */ = {isa = PBXFileReference; lastKnownFileType = text.plist.xml; path = Info.plist; sourceTree = "<group>"; };
		199DF7A52974DD6600CE7378 /* CustomNavigationBar.swift */ = {isa = PBXFileReference; lastKnownFileType = sourcecode.swift; path = CustomNavigationBar.swift; sourceTree = "<group>"; };
		19B2BCC8296D46FA00E9CE03 /* NetworkManager.swift */ = {isa = PBXFileReference; lastKnownFileType = sourcecode.swift; path = NetworkManager.swift; sourceTree = "<group>"; };
		19B2BCCA296D478600E9CE03 /* NetworkSetting.swift */ = {isa = PBXFileReference; lastKnownFileType = sourcecode.swift; path = NetworkSetting.swift; sourceTree = "<group>"; };
		19B2BCD1296D4B9200E9CE03 /* MarvelCharactersTask.swift */ = {isa = PBXFileReference; lastKnownFileType = sourcecode.swift; path = MarvelCharactersTask.swift; sourceTree = "<group>"; };
		19B2BCD3296D4C4800E9CE03 /* Marvel.swift */ = {isa = PBXFileReference; lastKnownFileType = sourcecode.swift; path = Marvel.swift; sourceTree = "<group>"; };
		19B2BCD5296D4C6800E9CE03 /* MarvelCharactersListViewController.swift */ = {isa = PBXFileReference; lastKnownFileType = sourcecode.swift; path = MarvelCharactersListViewController.swift; sourceTree = "<group>"; };
		19B2BCD6296D4C6800E9CE03 /* MarvelCharactersListViewController.xib */ = {isa = PBXFileReference; lastKnownFileType = file.xib; path = MarvelCharactersListViewController.xib; sourceTree = "<group>"; };
		19B2BCDA296D4C7900E9CE03 /* CommonViewController.swift */ = {isa = PBXFileReference; lastKnownFileType = sourcecode.swift; path = CommonViewController.swift; sourceTree = "<group>"; };
		5B33F47B3394FB94F57BC3A1 /* Pods_MVC_Marvel.framework */ = {isa = PBXFileReference; explicitFileType = wrapper.framework; includeInIndex = 0; path = Pods_MVC_Marvel.framework; sourceTree = BUILT_PRODUCTS_DIR; };
		B3D3FD8E961C9AF5F37A26C3 /* Pods-MVC+Marvel.debug.xcconfig */ = {isa = PBXFileReference; includeInIndex = 1; lastKnownFileType = text.xcconfig; name = "Pods-MVC+Marvel.debug.xcconfig"; path = "Target Support Files/Pods-MVC+Marvel/Pods-MVC+Marvel.debug.xcconfig"; sourceTree = "<group>"; };
		CFFCE056142F8E1543DB2D18 /* Pods-MVC+Marvel.release.xcconfig */ = {isa = PBXFileReference; includeInIndex = 1; lastKnownFileType = text.xcconfig; name = "Pods-MVC+Marvel.release.xcconfig"; path = "Target Support Files/Pods-MVC+Marvel/Pods-MVC+Marvel.release.xcconfig"; sourceTree = "<group>"; };
/* End PBXFileReference section */

/* Begin PBXFrameworksBuildPhase section */
		19917D96296C0C3C009B39A0 /* Frameworks */ = {
			isa = PBXFrameworksBuildPhase;
			buildActionMask = 2147483647;
			files = (
				03884D9CA69689B221088602 /* Pods_MVC_Marvel.framework in Frameworks */,
			);
			runOnlyForDeploymentPostprocessing = 0;
		};
/* End PBXFrameworksBuildPhase section */

/* Begin PBXGroup section */
		107C2FD38A4EDBE67B5851A4 /* Pods */ = {
			isa = PBXGroup;
			children = (
				B3D3FD8E961C9AF5F37A26C3 /* Pods-MVC+Marvel.debug.xcconfig */,
				CFFCE056142F8E1543DB2D18 /* Pods-MVC+Marvel.release.xcconfig */,
			);
			path = Pods;
			sourceTree = "<group>";
		};
		19639E42296FCFDE006DFBBF /* Common */ = {
			isa = PBXGroup;
			children = (
				19639E4E296FD046006DFBBF /* View */,
				19639E43296FCFE7006DFBBF /* Model */,
			);
			path = Common;
			sourceTree = "<group>";
		};
		19639E43296FCFE7006DFBBF /* Model */ = {
			isa = PBXGroup;
			children = (
				19B2BCD3296D4C4800E9CE03 /* Marvel.swift */,
			);
			path = Model;
			sourceTree = "<group>";
		};
		19639E46296FD031006DFBBF /* Detail */ = {
			isa = PBXGroup;
			children = (
				19639E47296FD031006DFBBF /* Controller */,
				19639E4A296FD031006DFBBF /* Model */,
				19639E4B296FD031006DFBBF /* View */,
			);
			name = Detail;
			path = "MVC+Marvel/Modules/Detail";
			sourceTree = SOURCE_ROOT;
		};
		19639E47296FD031006DFBBF /* Controller */ = {
			isa = PBXGroup;
			children = (
				19639E48296FD031006DFBBF /* MarvelCharacterDetailViewController.swift */,
				19639E49296FD031006DFBBF /* MarvelCharacterDetailViewController.xib */,
			);
			path = Controller;
			sourceTree = "<group>";
		};
		19639E4A296FD031006DFBBF /* Model */ = {
			isa = PBXGroup;
			children = (
				19639E4F296FD066006DFBBF /* MarvelCharactersDetailTask.swift */,
				1984C93B2971516A00FB28BC /* MarvelDetail.swift */,
			);
			path = Model;
			sourceTree = "<group>";
		};
		19639E4B296FD031006DFBBF /* View */ = {
			isa = PBXGroup;
			children = (
			);
			path = View;
			sourceTree = "<group>";
		};
		19639E4E296FD046006DFBBF /* View */ = {
			isa = PBXGroup;
			children = (
				19B2BCDA296D4C7900E9CE03 /* CommonViewController.swift */,
				19885CD1296D4D1B0010606D /* CommonTableViewCell.swift */,
				1966BC01296E4D29004224B3 /* CommonConfig.swift */,
			);
			path = View;
			sourceTree = "<group>";
		};
		19917D90296C0C3C009B39A0 = {
			isa = PBXGroup;
			children = (
				19917D9B296C0C3C009B39A0 /* MVC+Marvel */,
				19917D9A296C0C3C009B39A0 /* Products */,
				107C2FD38A4EDBE67B5851A4 /* Pods */,
				5CF9B09D2326BA43792539E0 /* Frameworks */,
			);
			sourceTree = "<group>";
		};
		19917D9A296C0C3C009B39A0 /* Products */ = {
			isa = PBXGroup;
			children = (
				19917D99296C0C3C009B39A0 /* MVC+Marvel.app */,
			);
			name = Products;
			sourceTree = "<group>";
		};
		19917D9B296C0C3C009B39A0 /* MVC+Marvel */ = {
			isa = PBXGroup;
			children = (
				19B2BCBD296D45F200E9CE03 /* Protocol */,
				19B2BCBC296D45EB00E9CE03 /* Extension */,
				19B2BCC7296D46EE00E9CE03 /* Network */,
				199DF7A42974DD5900CE7378 /* Custom */,
				19B2BCC5296D46D500E9CE03 /* Modules */,
				19917D9C296C0C3C009B39A0 /* AppDelegate.swift */,
				19917DA0296C0C3C009B39A0 /* ViewController.swift */,
				19917DA2296C0C3C009B39A0 /* Main.storyboard */,
				19917DA8296C0C3C009B39A0 /* Assets.xcassets */,
				19917DAA296C0C3C009B39A0 /* LaunchScreen.storyboard */,
				19917DAD296C0C3C009B39A0 /* Info.plist */,
				19885CD5296D4DF20010606D /* MarvelKey.plist */,
				19917DA5296C0C3C009B39A0 /* MVC_Marvel.xcdatamodeld */,
			);
			path = "MVC+Marvel";
			sourceTree = "<group>";
		};
		199DF7A42974DD5900CE7378 /* Custom */ = {
			isa = PBXGroup;
			children = (
				199DF7A52974DD6600CE7378 /* CustomNavigationBar.swift */,
			);
			path = Custom;
			sourceTree = "<group>";
		};
		19B2BCBC296D45EB00E9CE03 /* Extension */ = {
			isa = PBXGroup;
			children = (
				19885CD7296D4E1D0010606D /* Bundle+Extension.swift */,
				19885CDD296D58E80010606D /* String+Extension.swift */,
				1966BC09296E99D4004224B3 /* UITableView+Extension.swift */,
				1984C93929714E8300FB28BC /* CALayer+Extension.swift */,
			);
			path = Extension;
			sourceTree = "<group>";
		};
		19B2BCBD296D45F200E9CE03 /* Protocol */ = {
			isa = PBXGroup;
			children = (
				19885CD9296D52770010606D /* CommonEnum.swift */,
			);
			path = Protocol;
			sourceTree = "<group>";
		};
		19B2BCBE296D460800E9CE03 /* Model */ = {
			isa = PBXGroup;
			children = (
				19B2BCD1296D4B9200E9CE03 /* MarvelCharactersTask.swift */,
			);
			path = Model;
			sourceTree = "<group>";
		};
		19B2BCBF296D460B00E9CE03 /* View */ = {
			isa = PBXGroup;
			children = (
				19885CCD296D4D0C0010606D /* MarvelCharactersTableViewCell.swift */,
				19885CCE296D4D0C0010606D /* MarvelCharactersTableViewCell.xib */,
				1966BC05296E98A2004224B3 /* MarvelCharactersLoadingTableViewCell.swift */,
				1966BC06296E98A2004224B3 /* MarvelCharactersLoadingTableViewCell.xib */,
			);
			path = View;
			sourceTree = "<group>";
		};
		19B2BCC0296D460E00E9CE03 /* Controller */ = {
			isa = PBXGroup;
			children = (
				19B2BCD5296D4C6800E9CE03 /* MarvelCharactersListViewController.swift */,
				19B2BCD6296D4C6800E9CE03 /* MarvelCharactersListViewController.xib */,
			);
			path = Controller;
			sourceTree = "<group>";
		};
		19B2BCC5296D46D500E9CE03 /* Modules */ = {
			isa = PBXGroup;
			children = (
				19639E42296FCFDE006DFBBF /* Common */,
				19639E46296FD031006DFBBF /* Detail */,
				19B2BCC6296D46E100E9CE03 /* Main */,
			);
			path = Modules;
			sourceTree = "<group>";
		};
		19B2BCC6296D46E100E9CE03 /* Main */ = {
			isa = PBXGroup;
			children = (
				19B2BCD9296D4C7000E9CE03 /* Common */,
				19B2BCC0296D460E00E9CE03 /* Controller */,
				19B2BCBF296D460B00E9CE03 /* View */,
				19B2BCBE296D460800E9CE03 /* Model */,
			);
			path = Main;
			sourceTree = "<group>";
		};
		19B2BCC7296D46EE00E9CE03 /* Network */ = {
			isa = PBXGroup;
			children = (
				19B2BCC8296D46FA00E9CE03 /* NetworkManager.swift */,
				19B2BCCA296D478600E9CE03 /* NetworkSetting.swift */,
			);
			path = Network;
			sourceTree = "<group>";
		};
		19B2BCD9296D4C7000E9CE03 /* Common */ = {
			isa = PBXGroup;
			children = (
			);
			path = Common;
			sourceTree = "<group>";
		};
		5CF9B09D2326BA43792539E0 /* Frameworks */ = {
			isa = PBXGroup;
			children = (
				5B33F47B3394FB94F57BC3A1 /* Pods_MVC_Marvel.framework */,
			);
			name = Frameworks;
			sourceTree = "<group>";
		};
/* End PBXGroup section */

/* Begin PBXNativeTarget section */
		19917D98296C0C3C009B39A0 /* MVC+Marvel */ = {
			isa = PBXNativeTarget;
			buildConfigurationList = 19917DB0296C0C3C009B39A0 /* Build configuration list for PBXNativeTarget "MVC+Marvel" */;
			buildPhases = (
				5A359A2552ECE7FD8B758331 /* [CP] Check Pods Manifest.lock */,
				19917D95296C0C3C009B39A0 /* Sources */,
				19917D96296C0C3C009B39A0 /* Frameworks */,
				19917D97296C0C3C009B39A0 /* Resources */,
				575ACA4D6F6143918C709F79 /* [CP] Embed Pods Frameworks */,
			);
			buildRules = (
			);
			dependencies = (
			);
			name = "MVC+Marvel";
			productName = "MVC+Marvel";
			productReference = 19917D99296C0C3C009B39A0 /* MVC+Marvel.app */;
			productType = "com.apple.product-type.application";
		};
/* End PBXNativeTarget section */

/* Begin PBXProject section */
		19917D91296C0C3C009B39A0 /* Project object */ = {
			isa = PBXProject;
			attributes = {
				BuildIndependentTargetsInParallel = 1;
				LastSwiftUpdateCheck = 1420;
				LastUpgradeCheck = 1420;
				TargetAttributes = {
					19917D98296C0C3C009B39A0 = {
						CreatedOnToolsVersion = 14.2;
					};
				};
			};
			buildConfigurationList = 19917D94296C0C3C009B39A0 /* Build configuration list for PBXProject "MVC+Marvel" */;
			compatibilityVersion = "Xcode 14.0";
			developmentRegion = en;
			hasScannedForEncodings = 0;
			knownRegions = (
				en,
				Base,
			);
			mainGroup = 19917D90296C0C3C009B39A0;
			productRefGroup = 19917D9A296C0C3C009B39A0 /* Products */;
			projectDirPath = "";
			projectRoot = "";
			targets = (
				19917D98296C0C3C009B39A0 /* MVC+Marvel */,
			);
		};
/* End PBXProject section */

/* Begin PBXResourcesBuildPhase section */
		19917D97296C0C3C009B39A0 /* Resources */ = {
			isa = PBXResourcesBuildPhase;
			buildActionMask = 2147483647;
			files = (
				19917DAC296C0C3C009B39A0 /* LaunchScreen.storyboard in Resources */,
				1966BC08296E98A2004224B3 /* MarvelCharactersLoadingTableViewCell.xib in Resources */,
				19B2BCD8296D4C6800E9CE03 /* MarvelCharactersListViewController.xib in Resources */,
				19917DA9296C0C3C009B39A0 /* Assets.xcassets in Resources */,
				19885CD6296D4DF20010606D /* MarvelKey.plist in Resources */,
				19917DA4296C0C3C009B39A0 /* Main.storyboard in Resources */,
				19639E4D296FD031006DFBBF /* MarvelCharacterDetailViewController.xib in Resources */,
				19885CD0296D4D0C0010606D /* MarvelCharactersTableViewCell.xib in Resources */,
			);
			runOnlyForDeploymentPostprocessing = 0;
		};
/* End PBXResourcesBuildPhase section */

/* Begin PBXShellScriptBuildPhase section */
		575ACA4D6F6143918C709F79 /* [CP] Embed Pods Frameworks */ = {
			isa = PBXShellScriptBuildPhase;
			buildActionMask = 2147483647;
			files = (
			);
			inputFileListPaths = (
				"${PODS_ROOT}/Target Support Files/Pods-MVC+Marvel/Pods-MVC+Marvel-frameworks-${CONFIGURATION}-input-files.xcfilelist",
			);
			name = "[CP] Embed Pods Frameworks";
			outputFileListPaths = (
				"${PODS_ROOT}/Target Support Files/Pods-MVC+Marvel/Pods-MVC+Marvel-frameworks-${CONFIGURATION}-output-files.xcfilelist",
			);
			runOnlyForDeploymentPostprocessing = 0;
			shellPath = /bin/sh;
			shellScript = "\"${PODS_ROOT}/Target Support Files/Pods-MVC+Marvel/Pods-MVC+Marvel-frameworks.sh\"\n";
			showEnvVarsInLog = 0;
		};
		5A359A2552ECE7FD8B758331 /* [CP] Check Pods Manifest.lock */ = {
			isa = PBXShellScriptBuildPhase;
			buildActionMask = 2147483647;
			files = (
			);
			inputFileListPaths = (
			);
			inputPaths = (
				"${PODS_PODFILE_DIR_PATH}/Podfile.lock",
				"${PODS_ROOT}/Manifest.lock",
			);
			name = "[CP] Check Pods Manifest.lock";
			outputFileListPaths = (
			);
			outputPaths = (
				"$(DERIVED_FILE_DIR)/Pods-MVC+Marvel-checkManifestLockResult.txt",
			);
			runOnlyForDeploymentPostprocessing = 0;
			shellPath = /bin/sh;
			shellScript = "diff \"${PODS_PODFILE_DIR_PATH}/Podfile.lock\" \"${PODS_ROOT}/Manifest.lock\" > /dev/null\nif [ $? != 0 ] ; then\n    # print error to STDERR\n    echo \"error: The sandbox is not in sync with the Podfile.lock. Run 'pod install' or update your CocoaPods installation.\" >&2\n    exit 1\nfi\n# This output is used by Xcode 'outputs' to avoid re-running this script phase.\necho \"SUCCESS\" > \"${SCRIPT_OUTPUT_FILE_0}\"\n";
			showEnvVarsInLog = 0;
		};
/* End PBXShellScriptBuildPhase section */

/* Begin PBXSourcesBuildPhase section */
		19917D95296C0C3C009B39A0 /* Sources */ = {
			isa = PBXSourcesBuildPhase;
			buildActionMask = 2147483647;
			files = (
				199DF7A62974DD6600CE7378 /* CustomNavigationBar.swift in Sources */,
				19B2BCDB296D4C7900E9CE03 /* CommonViewController.swift in Sources */,
				19917DA1296C0C3C009B39A0 /* ViewController.swift in Sources */,
				1966BC02296E4D29004224B3 /* CommonConfig.swift in Sources */,
				1984C93A29714E8300FB28BC /* CALayer+Extension.swift in Sources */,
				19639E50296FD066006DFBBF /* MarvelCharactersDetailTask.swift in Sources */,
				1984C93C2971516A00FB28BC /* MarvelDetail.swift in Sources */,
				19885CDA296D52770010606D /* CommonEnum.swift in Sources */,
				19917D9D296C0C3C009B39A0 /* AppDelegate.swift in Sources */,
				19B2BCD2296D4B9200E9CE03 /* MarvelCharactersTask.swift in Sources */,
				19885CCF296D4D0C0010606D /* MarvelCharactersTableViewCell.swift in Sources */,
				19B2BCC9296D46FA00E9CE03 /* NetworkManager.swift in Sources */,
				19917DA7296C0C3C009B39A0 /* MVC_Marvel.xcdatamodeld in Sources */,
				19885CD8296D4E1D0010606D /* Bundle+Extension.swift in Sources */,
				1966BC07296E98A2004224B3 /* MarvelCharactersLoadingTableViewCell.swift in Sources */,
				1966BC0A296E99D4004224B3 /* UITableView+Extension.swift in Sources */,
				19639E4C296FD031006DFBBF /* MarvelCharacterDetailViewController.swift in Sources */,
				19B2BCD7296D4C6800E9CE03 /* MarvelCharactersListViewController.swift in Sources */,
				19B2BCD4296D4C4800E9CE03 /* Marvel.swift in Sources */,
				19885CD2296D4D1B0010606D /* CommonTableViewCell.swift in Sources */,
				19B2BCCB296D478600E9CE03 /* NetworkSetting.swift in Sources */,
				19885CDE296D58E80010606D /* String+Extension.swift in Sources */,
			);
			runOnlyForDeploymentPostprocessing = 0;
		};
/* End PBXSourcesBuildPhase section */

/* Begin PBXVariantGroup section */
		19917DA2296C0C3C009B39A0 /* Main.storyboard */ = {
			isa = PBXVariantGroup;
			children = (
				19917DA3296C0C3C009B39A0 /* Base */,
			);
			name = Main.storyboard;
			sourceTree = "<group>";
		};
		19917DAA296C0C3C009B39A0 /* LaunchScreen.storyboard */ = {
			isa = PBXVariantGroup;
			children = (
				19917DAB296C0C3C009B39A0 /* Base */,
			);
			name = LaunchScreen.storyboard;
			sourceTree = "<group>";
		};
/* End PBXVariantGroup section */

/* Begin XCBuildConfiguration section */
		19917DAE296C0C3C009B39A0 /* Debug */ = {
			isa = XCBuildConfiguration;
			buildSettings = {
				ALWAYS_SEARCH_USER_PATHS = NO;
				CLANG_ANALYZER_NONNULL = YES;
				CLANG_ANALYZER_NUMBER_OBJECT_CONVERSION = YES_AGGRESSIVE;
				CLANG_CXX_LANGUAGE_STANDARD = "gnu++20";
				CLANG_ENABLE_MODULES = YES;
				CLANG_ENABLE_OBJC_ARC = YES;
				CLANG_ENABLE_OBJC_WEAK = YES;
				CLANG_WARN_BLOCK_CAPTURE_AUTORELEASING = YES;
				CLANG_WARN_BOOL_CONVERSION = YES;
				CLANG_WARN_COMMA = YES;
				CLANG_WARN_CONSTANT_CONVERSION = YES;
				CLANG_WARN_DEPRECATED_OBJC_IMPLEMENTATIONS = YES;
				CLANG_WARN_DIRECT_OBJC_ISA_USAGE = YES_ERROR;
				CLANG_WARN_DOCUMENTATION_COMMENTS = YES;
				CLANG_WARN_EMPTY_BODY = YES;
				CLANG_WARN_ENUM_CONVERSION = YES;
				CLANG_WARN_INFINITE_RECURSION = YES;
				CLANG_WARN_INT_CONVERSION = YES;
				CLANG_WARN_NON_LITERAL_NULL_CONVERSION = YES;
				CLANG_WARN_OBJC_IMPLICIT_RETAIN_SELF = YES;
				CLANG_WARN_OBJC_LITERAL_CONVERSION = YES;
				CLANG_WARN_OBJC_ROOT_CLASS = YES_ERROR;
				CLANG_WARN_QUOTED_INCLUDE_IN_FRAMEWORK_HEADER = YES;
				CLANG_WARN_RANGE_LOOP_ANALYSIS = YES;
				CLANG_WARN_STRICT_PROTOTYPES = YES;
				CLANG_WARN_SUSPICIOUS_MOVE = YES;
				CLANG_WARN_UNGUARDED_AVAILABILITY = YES_AGGRESSIVE;
				CLANG_WARN_UNREACHABLE_CODE = YES;
				CLANG_WARN__DUPLICATE_METHOD_MATCH = YES;
				COPY_PHASE_STRIP = NO;
				DEBUG_INFORMATION_FORMAT = dwarf;
				ENABLE_STRICT_OBJC_MSGSEND = YES;
				ENABLE_TESTABILITY = YES;
				GCC_C_LANGUAGE_STANDARD = gnu11;
				GCC_DYNAMIC_NO_PIC = NO;
				GCC_NO_COMMON_BLOCKS = YES;
				GCC_OPTIMIZATION_LEVEL = 0;
				GCC_PREPROCESSOR_DEFINITIONS = (
					"DEBUG=1",
					"$(inherited)",
				);
				GCC_WARN_64_TO_32_BIT_CONVERSION = YES;
				GCC_WARN_ABOUT_RETURN_TYPE = YES_ERROR;
				GCC_WARN_UNDECLARED_SELECTOR = YES;
				GCC_WARN_UNINITIALIZED_AUTOS = YES_AGGRESSIVE;
				GCC_WARN_UNUSED_FUNCTION = YES;
				GCC_WARN_UNUSED_VARIABLE = YES;
				IPHONEOS_DEPLOYMENT_TARGET = 16.2;
				MTL_ENABLE_DEBUG_INFO = INCLUDE_SOURCE;
				MTL_FAST_MATH = YES;
				ONLY_ACTIVE_ARCH = YES;
				SDKROOT = iphoneos;
				SWIFT_ACTIVE_COMPILATION_CONDITIONS = DEBUG;
				SWIFT_OPTIMIZATION_LEVEL = "-Onone";
			};
			name = Debug;
		};
		19917DAF296C0C3C009B39A0 /* Release */ = {
			isa = XCBuildConfiguration;
			buildSettings = {
				ALWAYS_SEARCH_USER_PATHS = NO;
				CLANG_ANALYZER_NONNULL = YES;
				CLANG_ANALYZER_NUMBER_OBJECT_CONVERSION = YES_AGGRESSIVE;
				CLANG_CXX_LANGUAGE_STANDARD = "gnu++20";
				CLANG_ENABLE_MODULES = YES;
				CLANG_ENABLE_OBJC_ARC = YES;
				CLANG_ENABLE_OBJC_WEAK = YES;
				CLANG_WARN_BLOCK_CAPTURE_AUTORELEASING = YES;
				CLANG_WARN_BOOL_CONVERSION = YES;
				CLANG_WARN_COMMA = YES;
				CLANG_WARN_CONSTANT_CONVERSION = YES;
				CLANG_WARN_DEPRECATED_OBJC_IMPLEMENTATIONS = YES;
				CLANG_WARN_DIRECT_OBJC_ISA_USAGE = YES_ERROR;
				CLANG_WARN_DOCUMENTATION_COMMENTS = YES;
				CLANG_WARN_EMPTY_BODY = YES;
				CLANG_WARN_ENUM_CONVERSION = YES;
				CLANG_WARN_INFINITE_RECURSION = YES;
				CLANG_WARN_INT_CONVERSION = YES;
				CLANG_WARN_NON_LITERAL_NULL_CONVERSION = YES;
				CLANG_WARN_OBJC_IMPLICIT_RETAIN_SELF = YES;
				CLANG_WARN_OBJC_LITERAL_CONVERSION = YES;
				CLANG_WARN_OBJC_ROOT_CLASS = YES_ERROR;
				CLANG_WARN_QUOTED_INCLUDE_IN_FRAMEWORK_HEADER = YES;
				CLANG_WARN_RANGE_LOOP_ANALYSIS = YES;
				CLANG_WARN_STRICT_PROTOTYPES = YES;
				CLANG_WARN_SUSPICIOUS_MOVE = YES;
				CLANG_WARN_UNGUARDED_AVAILABILITY = YES_AGGRESSIVE;
				CLANG_WARN_UNREACHABLE_CODE = YES;
				CLANG_WARN__DUPLICATE_METHOD_MATCH = YES;
				COPY_PHASE_STRIP = NO;
				DEBUG_INFORMATION_FORMAT = "dwarf-with-dsym";
				ENABLE_NS_ASSERTIONS = NO;
				ENABLE_STRICT_OBJC_MSGSEND = YES;
				GCC_C_LANGUAGE_STANDARD = gnu11;
				GCC_NO_COMMON_BLOCKS = YES;
				GCC_WARN_64_TO_32_BIT_CONVERSION = YES;
				GCC_WARN_ABOUT_RETURN_TYPE = YES_ERROR;
				GCC_WARN_UNDECLARED_SELECTOR = YES;
				GCC_WARN_UNINITIALIZED_AUTOS = YES_AGGRESSIVE;
				GCC_WARN_UNUSED_FUNCTION = YES;
				GCC_WARN_UNUSED_VARIABLE = YES;
				IPHONEOS_DEPLOYMENT_TARGET = 16.2;
				MTL_ENABLE_DEBUG_INFO = NO;
				MTL_FAST_MATH = YES;
				SDKROOT = iphoneos;
				SWIFT_COMPILATION_MODE = wholemodule;
				SWIFT_OPTIMIZATION_LEVEL = "-O";
				VALIDATE_PRODUCT = YES;
			};
			name = Release;
		};
		19917DB1296C0C3C009B39A0 /* Debug */ = {
			isa = XCBuildConfiguration;
			baseConfigurationReference = B3D3FD8E961C9AF5F37A26C3 /* Pods-MVC+Marvel.debug.xcconfig */;
			buildSettings = {
				ASSETCATALOG_COMPILER_APPICON_NAME = AppIcon;
				ASSETCATALOG_COMPILER_GLOBAL_ACCENT_COLOR_NAME = AccentColor;
				CODE_SIGN_STYLE = Automatic;
				CURRENT_PROJECT_VERSION = 1;
				DEVELOPMENT_TEAM = SYKQ3Y488U;
				GENERATE_INFOPLIST_FILE = YES;
				INFOPLIST_FILE = "MVC+Marvel/Info.plist";
				INFOPLIST_KEY_UIApplicationSupportsIndirectInputEvents = YES;
				INFOPLIST_KEY_UILaunchStoryboardName = LaunchScreen;
				INFOPLIST_KEY_UIMainStoryboardFile = Main;
				INFOPLIST_KEY_UISupportedInterfaceOrientations_iPad = "UIInterfaceOrientationPortrait UIInterfaceOrientationPortraitUpsideDown UIInterfaceOrientationLandscapeLeft UIInterfaceOrientationLandscapeRight";
				INFOPLIST_KEY_UISupportedInterfaceOrientations_iPhone = "UIInterfaceOrientationPortrait UIInterfaceOrientationLandscapeLeft UIInterfaceOrientationLandscapeRight";
				LD_RUNPATH_SEARCH_PATHS = (
					"$(inherited)",
					"@executable_path/Frameworks",
				);
				MARKETING_VERSION = 1.0;
				PRODUCT_BUNDLE_IDENTIFIER = "sunggyu.MVC-Marvel";
				PRODUCT_NAME = "$(TARGET_NAME)";
				SWIFT_EMIT_LOC_STRINGS = YES;
				SWIFT_VERSION = 5.0;
				TARGETED_DEVICE_FAMILY = "1,2";
			};
			name = Debug;
		};
		19917DB2296C0C3C009B39A0 /* Release */ = {
			isa = XCBuildConfiguration;
			baseConfigurationReference = CFFCE056142F8E1543DB2D18 /* Pods-MVC+Marvel.release.xcconfig */;
			buildSettings = {
				ASSETCATALOG_COMPILER_APPICON_NAME = AppIcon;
				ASSETCATALOG_COMPILER_GLOBAL_ACCENT_COLOR_NAME = AccentColor;
				CODE_SIGN_STYLE = Automatic;
				CURRENT_PROJECT_VERSION = 1;
				DEVELOPMENT_TEAM = SYKQ3Y488U;
				GENERATE_INFOPLIST_FILE = YES;
				INFOPLIST_FILE = "MVC+Marvel/Info.plist";
				INFOPLIST_KEY_UIApplicationSupportsIndirectInputEvents = YES;
				INFOPLIST_KEY_UILaunchStoryboardName = LaunchScreen;
				INFOPLIST_KEY_UIMainStoryboardFile = Main;
				INFOPLIST_KEY_UISupportedInterfaceOrientations_iPad = "UIInterfaceOrientationPortrait UIInterfaceOrientationPortraitUpsideDown UIInterfaceOrientationLandscapeLeft UIInterfaceOrientationLandscapeRight";
				INFOPLIST_KEY_UISupportedInterfaceOrientations_iPhone = "UIInterfaceOrientationPortrait UIInterfaceOrientationLandscapeLeft UIInterfaceOrientationLandscapeRight";
				LD_RUNPATH_SEARCH_PATHS = (
					"$(inherited)",
					"@executable_path/Frameworks",
				);
				MARKETING_VERSION = 1.0;
				PRODUCT_BUNDLE_IDENTIFIER = "sunggyu.MVC-Marvel";
				PRODUCT_NAME = "$(TARGET_NAME)";
				SWIFT_EMIT_LOC_STRINGS = YES;
				SWIFT_VERSION = 5.0;
				TARGETED_DEVICE_FAMILY = "1,2";
			};
			name = Release;
		};
/* End XCBuildConfiguration section */

/* Begin XCConfigurationList section */
		19917D94296C0C3C009B39A0 /* Build configuration list for PBXProject "MVC+Marvel" */ = {
			isa = XCConfigurationList;
			buildConfigurations = (
				19917DAE296C0C3C009B39A0 /* Debug */,
				19917DAF296C0C3C009B39A0 /* Release */,
			);
			defaultConfigurationIsVisible = 0;
			defaultConfigurationName = Release;
		};
		19917DB0296C0C3C009B39A0 /* Build configuration list for PBXNativeTarget "MVC+Marvel" */ = {
			isa = XCConfigurationList;
			buildConfigurations = (
				19917DB1296C0C3C009B39A0 /* Debug */,
				19917DB2296C0C3C009B39A0 /* Release */,
			);
			defaultConfigurationIsVisible = 0;
			defaultConfigurationName = Release;
		};
/* End XCConfigurationList section */

/* Begin XCVersionGroup section */
		19917DA5296C0C3C009B39A0 /* MVC_Marvel.xcdatamodeld */ = {
			isa = XCVersionGroup;
			children = (
				19917DA6296C0C3C009B39A0 /* MVC_Marvel.xcdatamodel */,
			);
			currentVersion = 19917DA6296C0C3C009B39A0 /* MVC_Marvel.xcdatamodel */;
			path = MVC_Marvel.xcdatamodeld;
			sourceTree = "<group>";
			versionGroupType = wrapper.xcdatamodel;
		};
/* End XCVersionGroup section */
	};
	rootObject = 19917D91296C0C3C009B39A0 /* Project object */;
}
